
Microsoft Visual Studio Solution File, Format Version 12.00
# Visual Studio Version 17
VisualStudioVersion = 17.8.34322.80
MinimumVisualStudioVersion = 10.0.40219.1
Project("{FAE04EC0-301F-11D3-BF4B-00C04F79EFBC}") = "float ile kdv hesap", "float ile kdv hesap\float ile kdv hesap.csproj", "{3C810683-CF5D-4391-B318-809DFAC095CD}"
EndProject
Global
	GlobalSection(SolutionConfigurationPlatforms) = preSolution
		Debug|Any CPU = Debug|Any CPU
		Release|Any CPU = Release|Any CPU
	EndGlobalSection
	GlobalSection(ProjectConfigurationPlatforms) = postSolution
		{3C810683-CF5D-4391-B318-809DFAC095CD}.Debug|Any CPU.ActiveCfg = Debug|Any CPU
		{3C810683-CF5D-4391-B318-809DFAC095CD}.Debug|Any CPU.Build.0 = Debug|Any CPU
		{3C810683-CF5D-4391-B318-809DFAC095CD}.Release|Any CPU.ActiveCfg = Release|Any CPU
		{3C810683-CF5D-4391-B318-809DFAC095CD}.Release|Any CPU.Build.0 = Release|Any CPU
	EndGlobalSection
	GlobalSection(SolutionProperties) = preSolution
		HideSolutionNode = FALSE
	EndGlobalSection
	GlobalSection(ExtensibilityGlobals) = postSolution
		SolutionGuid = {B6AC67B1-A8C9-40D4-84F1-5E97DFB5807E}
	EndGlobalSection
EndGlobal
