
Microsoft Visual Studio Solution File, Format Version 12.00
# Visual Studio Version 17
VisualStudioVersion = 17.8.34322.80
MinimumVisualStudioVersion = 10.0.40219.1
Project("{FAE04EC0-301F-11D3-BF4B-00C04F79EFBC}") = "karsilastirma_operatoleri", "karsilastirma_operatoleri.csproj", "{8F538F89-5152-4A17-9064-6A82F7C234D4}"
EndProject
Global
	GlobalSection(SolutionConfigurationPlatforms) = preSolution
		Debug|Any CPU = Debug|Any CPU
		Release|Any CPU = Release|Any CPU
	EndGlobalSection
	GlobalSection(ProjectConfigurationPlatforms) = postSolution
		{8F538F89-5152-4A17-9064-6A82F7C234D4}.Debug|Any CPU.ActiveCfg = Debug|Any CPU
		{8F538F89-5152-4A17-9064-6A82F7C234D4}.Debug|Any CPU.Build.0 = Debug|Any CPU
		{8F538F89-5152-4A17-9064-6A82F7C234D4}.Release|Any CPU.ActiveCfg = Release|Any CPU
		{8F538F89-5152-4A17-9064-6A82F7C234D4}.Release|Any CPU.Build.0 = Release|Any CPU
	EndGlobalSection
	GlobalSection(SolutionProperties) = preSolution
		HideSolutionNode = FALSE
	EndGlobalSection
	GlobalSection(ExtensibilityGlobals) = postSolution
		SolutionGuid = {72E54415-E6A0-4053-A4A6-0E6E03325C5C}
	EndGlobalSection
EndGlobal
