
Microsoft Visual Studio Solution File, Format Version 12.00
# Visual Studio Version 17
VisualStudioVersion = 17.5.002.0
MinimumVisualStudioVersion = 10.0.40219.1
Project("{9A19103F-16F7-4668-BE54-9A1E7A4F7556}") = "while-dongusu", "while-dongusu.csproj", "{3D1A8B79-D044-4B17-8507-968494E54AD2}"
EndProject
Global
	GlobalSection(SolutionConfigurationPlatforms) = preSolution
		Debug|Any CPU = Debug|Any CPU
		Release|Any CPU = Release|Any CPU
	EndGlobalSection
	GlobalSection(ProjectConfigurationPlatforms) = postSolution
		{3D1A8B79-D044-4B17-8507-968494E54AD2}.Debug|Any CPU.ActiveCfg = Debug|Any CPU
		{3D1A8B79-D044-4B17-8507-968494E54AD2}.Debug|Any CPU.Build.0 = Debug|Any CPU
		{3D1A8B79-D044-4B17-8507-968494E54AD2}.Release|Any CPU.ActiveCfg = Release|Any CPU
		{3D1A8B79-D044-4B17-8507-968494E54AD2}.Release|Any CPU.Build.0 = Release|Any CPU
	EndGlobalSection
	GlobalSection(SolutionProperties) = preSolution
		HideSolutionNode = FALSE
	EndGlobalSection
	GlobalSection(ExtensibilityGlobals) = postSolution
		SolutionGuid = {8E368CDC-E1A0-41DB-93A0-913EDA47838F}
	EndGlobalSection
EndGlobal
