
Microsoft Visual Studio Solution File, Format Version 12.00
# Visual Studio Version 17
VisualStudioVersion = 17.8.34322.80
MinimumVisualStudioVersion = 10.0.40219.1
Project("{FAE04EC0-301F-11D3-BF4B-00C04F79EFBC}") = "string-methodlari", "string-methodlari.csproj", "{9E830A1F-08B4-4874-B775-387E9B387178}"
EndProject
Project("{FAE04EC0-301F-11D3-BF4B-00C04F79EFBC}") = "methodlar-ile-calisma", "..\methodlar-ile-calisma\methodlar-ile-calisma.csproj", "{96EAC5B4-552E-4D1B-A507-EC781483749D}"
EndProject
Global
	GlobalSection(SolutionConfigurationPlatforms) = preSolution
		Debug|Any CPU = Debug|Any CPU
		Release|Any CPU = Release|Any CPU
	EndGlobalSection
	GlobalSection(ProjectConfigurationPlatforms) = postSolution
		{9E830A1F-08B4-4874-B775-387E9B387178}.Debug|Any CPU.ActiveCfg = Debug|Any CPU
		{9E830A1F-08B4-4874-B775-387E9B387178}.Debug|Any CPU.Build.0 = Debug|Any CPU
		{9E830A1F-08B4-4874-B775-387E9B387178}.Release|Any CPU.ActiveCfg = Release|Any CPU
		{9E830A1F-08B4-4874-B775-387E9B387178}.Release|Any CPU.Build.0 = Release|Any CPU
		{96EAC5B4-552E-4D1B-A507-EC781483749D}.Debug|Any CPU.ActiveCfg = Debug|Any CPU
		{96EAC5B4-552E-4D1B-A507-EC781483749D}.Debug|Any CPU.Build.0 = Debug|Any CPU
		{96EAC5B4-552E-4D1B-A507-EC781483749D}.Release|Any CPU.ActiveCfg = Release|Any CPU
		{96EAC5B4-552E-4D1B-A507-EC781483749D}.Release|Any CPU.Build.0 = Release|Any CPU
	EndGlobalSection
	GlobalSection(SolutionProperties) = preSolution
		HideSolutionNode = FALSE
	EndGlobalSection
	GlobalSection(ExtensibilityGlobals) = postSolution
		SolutionGuid = {84C530A5-0712-4BC8-A613-DDB8E9733748}
	EndGlobalSection
EndGlobal
